
Microsoft Visual Studio Solution File, Format Version 12.00
# Visual Studio Version 17
VisualStudioVersion = 17.0.31919.166
MinimumVisualStudioVersion = 10.0.40219.1
Project("{9A19103F-16F7-4668-BE54-9A1E7A4F7556}") = "PowerAppsCore", "PowerAppsCore\PowerAppsCore.csproj", "{D026C9E5-FA4A-43FA-865A-0130C56C044E}"
EndProject
Project("{9A19103F-16F7-4668-BE54-9A1E7A4F7556}") = "Dataverse.Core", "Dataverse.Core\Dataverse.Core.csproj", "{D725A210-F358-4893-AFB5-6FD904C6F747}"
EndProject
Project("{9A19103F-16F7-4668-BE54-9A1E7A4F7556}") = "Dataverse.Entities", "Dataverse.Entities\Dataverse.Entities.csproj", "{0C6BAA25-FCF7-420F-A044-D299278AAF1E}"
EndProject
Project("{2150E333-8FDC-42A3-9474-1A3956D46DE8}") = "Solution Items", "Solution Items", "{1A6DC302-BB39-4DEA-8032-92B597371B38}"
	ProjectSection(SolutionItems) = preProject
		PowerAppsConsole\.editorconfig = PowerAppsConsole\.editorconfig
	EndProjectSection
EndProject
Project("{FAE04EC0-301F-11D3-BF4B-00C04F79EFBC}") = "Utilities.ModelConvertor", "Utilities.ModelConvertor\Utilities.ModelConvertor.csproj", "{23BAC867-9E72-4694-9A83-63344644F1D7}"
EndProject
Global
	GlobalSection(SolutionConfigurationPlatforms) = preSolution
		Debug|Any CPU = Debug|Any CPU
		Release|Any CPU = Release|Any CPU
	EndGlobalSection
	GlobalSection(ProjectConfigurationPlatforms) = postSolution
		{D026C9E5-FA4A-43FA-865A-0130C56C044E}.Debug|Any CPU.ActiveCfg = Debug|Any CPU
		{D026C9E5-FA4A-43FA-865A-0130C56C044E}.Debug|Any CPU.Build.0 = Debug|Any CPU
		{D026C9E5-FA4A-43FA-865A-0130C56C044E}.Release|Any CPU.ActiveCfg = Release|Any CPU
		{D026C9E5-FA4A-43FA-865A-0130C56C044E}.Release|Any CPU.Build.0 = Release|Any CPU
		{D725A210-F358-4893-AFB5-6FD904C6F747}.Debug|Any CPU.ActiveCfg = Debug|Any CPU
		{D725A210-F358-4893-AFB5-6FD904C6F747}.Debug|Any CPU.Build.0 = Debug|Any CPU
		{D725A210-F358-4893-AFB5-6FD904C6F747}.Release|Any CPU.ActiveCfg = Release|Any CPU
		{D725A210-F358-4893-AFB5-6FD904C6F747}.Release|Any CPU.Build.0 = Release|Any CPU
		{0C6BAA25-FCF7-420F-A044-D299278AAF1E}.Debug|Any CPU.ActiveCfg = Debug|Any CPU
		{0C6BAA25-FCF7-420F-A044-D299278AAF1E}.Debug|Any CPU.Build.0 = Debug|Any CPU
		{0C6BAA25-FCF7-420F-A044-D299278AAF1E}.Release|Any CPU.ActiveCfg = Release|Any CPU
		{0C6BAA25-FCF7-420F-A044-D299278AAF1E}.Release|Any CPU.Build.0 = Release|Any CPU
		{23BAC867-9E72-4694-9A83-63344644F1D7}.Debug|Any CPU.ActiveCfg = Debug|Any CPU
		{23BAC867-9E72-4694-9A83-63344644F1D7}.Debug|Any CPU.Build.0 = Debug|Any CPU
		{23BAC867-9E72-4694-9A83-63344644F1D7}.Release|Any CPU.ActiveCfg = Release|Any CPU
		{23BAC867-9E72-4694-9A83-63344644F1D7}.Release|Any CPU.Build.0 = Release|Any CPU
	EndGlobalSection
	GlobalSection(SolutionProperties) = preSolution
		HideSolutionNode = FALSE
	EndGlobalSection
	GlobalSection(ExtensibilityGlobals) = postSolution
		SolutionGuid = {9D3CD789-FFFB-4540-9CB1-D6EA4A68E2A1}
	EndGlobalSection
EndGlobal
