
Microsoft Visual Studio Solution File, Format Version 12.00
# Visual Studio Version 17
VisualStudioVersion = 17.0.31919.166
MinimumVisualStudioVersion = 10.0.40219.1
Project("{2150E333-8FDC-42A3-9474-1A3956D46DE8}") = "Solution Items", "Solution Items", "{1A6DC302-BB39-4DEA-8032-92B597371B38}"
	ProjectSection(SolutionItems) = preProject
		PowerAppsConsole\.editorconfig = PowerAppsConsole\.editorconfig
	EndProjectSection
EndProject
Project("{9A19103F-16F7-4668-BE54-9A1E7A4F7556}") = "Utilities.ModelConvertor", "Utilities.ModelConvertor\Utilities.ModelConvertor.csproj", "{23BAC867-9E72-4694-9A83-63344644F1D7}"
EndProject
Project("{2150E333-8FDC-42A3-9474-1A3956D46DE8}") = "Client", "Client", "{84DBF97F-45F4-4030-9BBC-2984B4C962D1}"
EndProject
Project("{9A19103F-16F7-4668-BE54-9A1E7A4F7556}") = "ChangeTracker.Listener.Library", "ChangeTracker.Listener.Library\ChangeTracker.Listener.Library.csproj", "{D560F84D-33E4-49A7-B056-BF9BAFA66A07}"
EndProject
Project("{9A19103F-16F7-4668-BE54-9A1E7A4F7556}") = "ChangeTracker.Listener", "ChangeTracker.Listener\ChangeTracker.Listener.csproj", "{BF09A7F4-02CB-4040-9663-E8772DD6623F}"
EndProject
Project("{9A19103F-16F7-4668-BE54-9A1E7A4F7556}") = "ChangeTracker.Poller", "ChangeTracker.Poller\ChangeTracker.Poller.csproj", "{9D401340-5588-4925-BDD8-A212D13B0421}"
EndProject
Project("{FAE04EC0-301F-11D3-BF4B-00C04F79EFBC}") = "ChangeTracking.Clients", "ChangeTracking.Clients\ChangeTracking.Clients.csproj", "{3C3023DD-32CD-4940-9675-214432C83BA1}"
EndProject
Project("{FAE04EC0-301F-11D3-BF4B-00C04F79EFBC}") = "ChangeTracking.Core", "ChangeTracking.Core\ChangeTracking.Core.csproj", "{BA1318A5-5369-49E5-A137-F463A27AFA5A}"
EndProject
Project("{FAE04EC0-301F-11D3-BF4B-00C04F79EFBC}") = "ChangeTracking.Entities", "ChangeTracking.Entities\ChangeTracking.Entities.csproj", "{B8427A94-080B-4927-B47C-17B331C2D819}"
EndProject
Global
	GlobalSection(SolutionConfigurationPlatforms) = preSolution
		Debug|Any CPU = Debug|Any CPU
		Release|Any CPU = Release|Any CPU
	EndGlobalSection
	GlobalSection(ProjectConfigurationPlatforms) = postSolution
		{23BAC867-9E72-4694-9A83-63344644F1D7}.Debug|Any CPU.ActiveCfg = Debug|Any CPU
		{23BAC867-9E72-4694-9A83-63344644F1D7}.Debug|Any CPU.Build.0 = Debug|Any CPU
		{23BAC867-9E72-4694-9A83-63344644F1D7}.Release|Any CPU.ActiveCfg = Release|Any CPU
		{23BAC867-9E72-4694-9A83-63344644F1D7}.Release|Any CPU.Build.0 = Release|Any CPU
		{D560F84D-33E4-49A7-B056-BF9BAFA66A07}.Debug|Any CPU.ActiveCfg = Debug|Any CPU
		{D560F84D-33E4-49A7-B056-BF9BAFA66A07}.Debug|Any CPU.Build.0 = Debug|Any CPU
		{D560F84D-33E4-49A7-B056-BF9BAFA66A07}.Release|Any CPU.ActiveCfg = Release|Any CPU
		{D560F84D-33E4-49A7-B056-BF9BAFA66A07}.Release|Any CPU.Build.0 = Release|Any CPU
		{BF09A7F4-02CB-4040-9663-E8772DD6623F}.Debug|Any CPU.ActiveCfg = Debug|Any CPU
		{BF09A7F4-02CB-4040-9663-E8772DD6623F}.Debug|Any CPU.Build.0 = Debug|Any CPU
		{BF09A7F4-02CB-4040-9663-E8772DD6623F}.Release|Any CPU.ActiveCfg = Release|Any CPU
		{BF09A7F4-02CB-4040-9663-E8772DD6623F}.Release|Any CPU.Build.0 = Release|Any CPU
		{9D401340-5588-4925-BDD8-A212D13B0421}.Debug|Any CPU.ActiveCfg = Debug|Any CPU
		{9D401340-5588-4925-BDD8-A212D13B0421}.Debug|Any CPU.Build.0 = Debug|Any CPU
		{9D401340-5588-4925-BDD8-A212D13B0421}.Release|Any CPU.ActiveCfg = Release|Any CPU
		{9D401340-5588-4925-BDD8-A212D13B0421}.Release|Any CPU.Build.0 = Release|Any CPU
		{3C3023DD-32CD-4940-9675-214432C83BA1}.Debug|Any CPU.ActiveCfg = Debug|Any CPU
		{3C3023DD-32CD-4940-9675-214432C83BA1}.Debug|Any CPU.Build.0 = Debug|Any CPU
		{3C3023DD-32CD-4940-9675-214432C83BA1}.Release|Any CPU.ActiveCfg = Release|Any CPU
		{3C3023DD-32CD-4940-9675-214432C83BA1}.Release|Any CPU.Build.0 = Release|Any CPU
		{BA1318A5-5369-49E5-A137-F463A27AFA5A}.Debug|Any CPU.ActiveCfg = Debug|Any CPU
		{BA1318A5-5369-49E5-A137-F463A27AFA5A}.Debug|Any CPU.Build.0 = Debug|Any CPU
		{BA1318A5-5369-49E5-A137-F463A27AFA5A}.Release|Any CPU.ActiveCfg = Release|Any CPU
		{BA1318A5-5369-49E5-A137-F463A27AFA5A}.Release|Any CPU.Build.0 = Release|Any CPU
		{B8427A94-080B-4927-B47C-17B331C2D819}.Debug|Any CPU.ActiveCfg = Debug|Any CPU
		{B8427A94-080B-4927-B47C-17B331C2D819}.Debug|Any CPU.Build.0 = Debug|Any CPU
		{B8427A94-080B-4927-B47C-17B331C2D819}.Release|Any CPU.ActiveCfg = Release|Any CPU
		{B8427A94-080B-4927-B47C-17B331C2D819}.Release|Any CPU.Build.0 = Release|Any CPU
	EndGlobalSection
	GlobalSection(SolutionProperties) = preSolution
		HideSolutionNode = FALSE
	EndGlobalSection
	GlobalSection(NestedProjects) = preSolution
		{D560F84D-33E4-49A7-B056-BF9BAFA66A07} = {84DBF97F-45F4-4030-9BBC-2984B4C962D1}
		{BF09A7F4-02CB-4040-9663-E8772DD6623F} = {84DBF97F-45F4-4030-9BBC-2984B4C962D1}
	EndGlobalSection
	GlobalSection(ExtensibilityGlobals) = postSolution
		SolutionGuid = {9D3CD789-FFFB-4540-9CB1-D6EA4A68E2A1}
	EndGlobalSection
EndGlobal
